// !$*UTF8*$!
{
	archiveVersion = 1;
	classes = {
	};
	objectVersion = 56;
	objects = {

/* Begin PBXBuildFile section */
		182B6D802C3BE29C004F317C /* PAPullHeader.swift in Sources */ = {isa = PBXBuildFile; fileRef = 182B6D7F2C3BE29C004F317C /* PAPullHeader.swift */; };
		182B6D822C3E580F004F317C /* PAUserView.swift in Sources */ = {isa = PBXBuildFile; fileRef = 182B6D812C3E580F004F317C /* PAUserView.swift */; };
		182B6D842C3E6BAB004F317C /* PAExpanView.swift in Sources */ = {isa = PBXBuildFile; fileRef = 182B6D832C3E6BAB004F317C /* PAExpanView.swift */; };
		182B6D862C3E8334004F317C /* PAPopOutView.swift in Sources */ = {isa = PBXBuildFile; fileRef = 182B6D852C3E8334004F317C /* PAPopOutView.swift */; };
		182B6D882C3E8C12004F317C /* PAYouHuiQuanViewController.swift in Sources */ = {isa = PBXBuildFile; fileRef = 182B6D872C3E8C12004F317C /* PAYouHuiQuanViewController.swift */; };
		182B6D8A2C3E8F61004F317C /* PAYouHuiQuanView.swift in Sources */ = {isa = PBXBuildFile; fileRef = 182B6D892C3E8F61004F317C /* PAYouHuiQuanView.swift */; };
		182B6D8C2C3F8780004F317C /* PACommonView.swift in Sources */ = {isa = PBXBuildFile; fileRef = 182B6D8B2C3F8780004F317C /* PACommonView.swift */; };
		182B6D912C3FAE8D004F317C /* PAAuthIDViewController.swift in Sources */ = {isa = PBXBuildFile; fileRef = 182B6D902C3FAE8D004F317C /* PAAuthIDViewController.swift */; };
		182B6D932C3FB06B004F317C /* PAAuthIDView.swift in Sources */ = {isa = PBXBuildFile; fileRef = 182B6D922C3FB06B004F317C /* PAAuthIDView.swift */; };
		182C7FDA2C33EF8A00CE3716 /* AppDelegate.swift in Sources */ = {isa = PBXBuildFile; fileRef = 182C7FD92C33EF8A00CE3716 /* AppDelegate.swift */; };
		182C7FE32C33EF8B00CE3716 /* Assets.xcassets in Resources */ = {isa = PBXBuildFile; fileRef = 182C7FE22C33EF8B00CE3716 /* Assets.xcassets */; };
		182C7FEE2C33F17300CE3716 /* Launch Screen.storyboard in Resources */ = {isa = PBXBuildFile; fileRef = 182C7FED2C33F17300CE3716 /* Launch Screen.storyboard */; };
		182C7FF12C33F22E00CE3716 /* PATabBarViewController.swift in Sources */ = {isa = PBXBuildFile; fileRef = 182C7FF02C33F22E00CE3716 /* PATabBarViewController.swift */; };
		182C7FF32C33F24100CE3716 /* PABaseViewController.swift in Sources */ = {isa = PBXBuildFile; fileRef = 182C7FF22C33F24100CE3716 /* PABaseViewController.swift */; };
		182C7FF52C33F25500CE3716 /* PALaunchViewController.swift in Sources */ = {isa = PBXBuildFile; fileRef = 182C7FF42C33F25500CE3716 /* PALaunchViewController.swift */; };
		182C7FF72C33F27600CE3716 /* PANavigationViewController.swift in Sources */ = {isa = PBXBuildFile; fileRef = 182C7FF62C33F27600CE3716 /* PANavigationViewController.swift */; };
		182C800A2C33FD9900CE3716 /* PATabBarButton.swift in Sources */ = {isa = PBXBuildFile; fileRef = 182C80092C33FD9900CE3716 /* PATabBarButton.swift */; };
		182C800E2C33FEA800CE3716 /* PAConfig.swift in Sources */ = {isa = PBXBuildFile; fileRef = 182C800D2C33FEA800CE3716 /* PAConfig.swift */; };
		182C80102C34027F00CE3716 /* LilitaRegular.ttf in Resources */ = {isa = PBXBuildFile; fileRef = 182C800F2C34027F00CE3716 /* LilitaRegular.ttf */; };
		182C80122C34045600CE3716 /* PATabBar.swift in Sources */ = {isa = PBXBuildFile; fileRef = 182C80112C34045600CE3716 /* PATabBar.swift */; };
		182C80142C34066300CE3716 /* PAUserViewController.swift in Sources */ = {isa = PBXBuildFile; fileRef = 182C80132C34066300CE3716 /* PAUserViewController.swift */; };
		182C80162C34067300CE3716 /* PAOrderViewController.swift in Sources */ = {isa = PBXBuildFile; fileRef = 182C80152C34067300CE3716 /* PAOrderViewController.swift */; };
		182C80182C34068400CE3716 /* PAHomeViewController.swift in Sources */ = {isa = PBXBuildFile; fileRef = 182C80172C34068400CE3716 /* PAHomeViewController.swift */; };
		182C801B2C34FF7500CE3716 /* PALocation.swift in Sources */ = {isa = PBXBuildFile; fileRef = 182C801A2C34FF7500CE3716 /* PALocation.swift */; };
		182C801D2C34FFAD00CE3716 /* PATotalModel.swift in Sources */ = {isa = PBXBuildFile; fileRef = 182C801C2C34FFAD00CE3716 /* PATotalModel.swift */; };
		182C801F2C35301800CE3716 /* PARequestManager.swift in Sources */ = {isa = PBXBuildFile; fileRef = 182C801E2C35301800CE3716 /* PARequestManager.swift */; };
		182C80212C3530D600CE3716 /* PARequestApi.swift in Sources */ = {isa = PBXBuildFile; fileRef = 182C80202C3530D600CE3716 /* PARequestApi.swift */; };
		182C80252C3534DF00CE3716 /* PALoginFactory.swift in Sources */ = {isa = PBXBuildFile; fileRef = 182C80242C3534DF00CE3716 /* PALoginFactory.swift */; };
		182C80272C35350D00CE3716 /* PADeviceInfo.swift in Sources */ = {isa = PBXBuildFile; fileRef = 182C80262C35350D00CE3716 /* PADeviceInfo.swift */; };
		182C80292C353AE900CE3716 /* PANetworkManager.swift in Sources */ = {isa = PBXBuildFile; fileRef = 182C80282C353AE900CE3716 /* PANetworkManager.swift */; };
		182C802D2C3554C800CE3716 /* PABorrowViewController.swift in Sources */ = {isa = PBXBuildFile; fileRef = 182C802C2C3554C800CE3716 /* PABorrowViewController.swift */; };
		182C80312C35599800CE3716 /* PABorrowView.swift in Sources */ = {isa = PBXBuildFile; fileRef = 182C80302C35599800CE3716 /* PABorrowView.swift */; };
		182C80332C367C7F00CE3716 /* PALoginViewController.swift in Sources */ = {isa = PBXBuildFile; fileRef = 182C80322C367C7F00CE3716 /* PALoginViewController.swift */; };
		182C80352C367CBD00CE3716 /* PALoginView.swift in Sources */ = {isa = PBXBuildFile; fileRef = 182C80342C367CBD00CE3716 /* PALoginView.swift */; };
		182C80372C36A05400CE3716 /* PACodeViewController.swift in Sources */ = {isa = PBXBuildFile; fileRef = 182C80362C36A05400CE3716 /* PACodeViewController.swift */; };
		182C80392C36A06B00CE3716 /* PACodeView.swift in Sources */ = {isa = PBXBuildFile; fileRef = 182C80382C36A06B00CE3716 /* PACodeView.swift */; };
		182C803B2C36AE9000CE3716 /* PANickViewController.swift in Sources */ = {isa = PBXBuildFile; fileRef = 182C803A2C36AE9000CE3716 /* PANickViewController.swift */; };
		182C803D2C36AEFB00CE3716 /* PANickView.swift in Sources */ = {isa = PBXBuildFile; fileRef = 182C803C2C36AEFB00CE3716 /* PANickView.swift */; };
		182C803F2C37C5C800CE3716 /* PAAlbumView.swift in Sources */ = {isa = PBXBuildFile; fileRef = 182C803E2C37C5C800CE3716 /* PAAlbumView.swift */; };
		182C80412C37D42100CE3716 /* PAMediaManager.swift in Sources */ = {isa = PBXBuildFile; fileRef = 182C80402C37D42100CE3716 /* PAMediaManager.swift */; };
		182C80432C37DB5800CE3716 /* loading.json in Resources */ = {isa = PBXBuildFile; fileRef = 182C80422C37DB5800CE3716 /* loading.json */; };
		182C80462C37DCC500CE3716 /* FCLoadingView.swift in Sources */ = {isa = PBXBuildFile; fileRef = 182C80452C37DCC500CE3716 /* FCLoadingView.swift */; };
		182C80482C37EE3B00CE3716 /* PAPopNickView.swift in Sources */ = {isa = PBXBuildFile; fileRef = 182C80472C37EE3B00CE3716 /* PAPopNickView.swift */; };
		182C804A2C3809B000CE3716 /* PABigCardView.swift in Sources */ = {isa = PBXBuildFile; fileRef = 182C80492C3809B000CE3716 /* PABigCardView.swift */; };
		182C804C2C3809C900CE3716 /* PAProductView.swift in Sources */ = {isa = PBXBuildFile; fileRef = 182C804B2C3809C900CE3716 /* PAProductView.swift */; };
		FE032C0307388BCDF7A98BEC /* Pods_PasicCash.framework in Frameworks */ = {isa = PBXBuildFile; fileRef = DEFB93E6F4DEDEDEF8A40086 /* Pods_PasicCash.framework */; };
/* End PBXBuildFile section */

/* Begin PBXFileReference section */
		182B6D7F2C3BE29C004F317C /* PAPullHeader.swift */ = {isa = PBXFileReference; lastKnownFileType = sourcecode.swift; path = PAPullHeader.swift; sourceTree = "<group>"; };
		182B6D812C3E580F004F317C /* PAUserView.swift */ = {isa = PBXFileReference; lastKnownFileType = sourcecode.swift; path = PAUserView.swift; sourceTree = "<group>"; };
		182B6D832C3E6BAB004F317C /* PAExpanView.swift */ = {isa = PBXFileReference; lastKnownFileType = sourcecode.swift; path = PAExpanView.swift; sourceTree = "<group>"; };
		182B6D852C3E8334004F317C /* PAPopOutView.swift */ = {isa = PBXFileReference; lastKnownFileType = sourcecode.swift; path = PAPopOutView.swift; sourceTree = "<group>"; };
		182B6D872C3E8C12004F317C /* PAYouHuiQuanViewController.swift */ = {isa = PBXFileReference; lastKnownFileType = sourcecode.swift; path = PAYouHuiQuanViewController.swift; sourceTree = "<group>"; };
		182B6D892C3E8F61004F317C /* PAYouHuiQuanView.swift */ = {isa = PBXFileReference; lastKnownFileType = sourcecode.swift; path = PAYouHuiQuanView.swift; sourceTree = "<group>"; };
		182B6D8B2C3F8780004F317C /* PACommonView.swift */ = {isa = PBXFileReference; lastKnownFileType = sourcecode.swift; path = PACommonView.swift; sourceTree = "<group>"; };
		182B6D902C3FAE8D004F317C /* PAAuthIDViewController.swift */ = {isa = PBXFileReference; lastKnownFileType = sourcecode.swift; path = PAAuthIDViewController.swift; sourceTree = "<group>"; };
		182B6D922C3FB06B004F317C /* PAAuthIDView.swift */ = {isa = PBXFileReference; lastKnownFileType = sourcecode.swift; path = PAAuthIDView.swift; sourceTree = "<group>"; };
		182C7FD62C33EF8A00CE3716 /* PasicCash.app */ = {isa = PBXFileReference; explicitFileType = wrapper.application; includeInIndex = 0; path = PasicCash.app; sourceTree = BUILT_PRODUCTS_DIR; };
		182C7FD92C33EF8A00CE3716 /* AppDelegate.swift */ = {isa = PBXFileReference; lastKnownFileType = sourcecode.swift; path = AppDelegate.swift; sourceTree = "<group>"; };
		182C7FE22C33EF8B00CE3716 /* Assets.xcassets */ = {isa = PBXFileReference; lastKnownFileType = folder.assetcatalog; path = Assets.xcassets; sourceTree = "<group>"; };
		182C7FE72C33EF8B00CE3716 /* Info.plist */ = {isa = PBXFileReference; lastKnownFileType = text.plist.xml; path = Info.plist; sourceTree = "<group>"; };
		182C7FED2C33F17300CE3716 /* Launch Screen.storyboard */ = {isa = PBXFileReference; lastKnownFileType = file.storyboard; path = "Launch Screen.storyboard"; sourceTree = "<group>"; };
		182C7FF02C33F22E00CE3716 /* PATabBarViewController.swift */ = {isa = PBXFileReference; lastKnownFileType = sourcecode.swift; path = PATabBarViewController.swift; sourceTree = "<group>"; };
		182C7FF22C33F24100CE3716 /* PABaseViewController.swift */ = {isa = PBXFileReference; lastKnownFileType = sourcecode.swift; path = PABaseViewController.swift; sourceTree = "<group>"; };
		182C7FF42C33F25500CE3716 /* PALaunchViewController.swift */ = {isa = PBXFileReference; lastKnownFileType = sourcecode.swift; path = PALaunchViewController.swift; sourceTree = "<group>"; };
		182C7FF62C33F27600CE3716 /* PANavigationViewController.swift */ = {isa = PBXFileReference; lastKnownFileType = sourcecode.swift; path = PANavigationViewController.swift; sourceTree = "<group>"; };
		182C80092C33FD9900CE3716 /* PATabBarButton.swift */ = {isa = PBXFileReference; lastKnownFileType = sourcecode.swift; path = PATabBarButton.swift; sourceTree = "<group>"; };
		182C800D2C33FEA800CE3716 /* PAConfig.swift */ = {isa = PBXFileReference; lastKnownFileType = sourcecode.swift; path = PAConfig.swift; sourceTree = "<group>"; };
		182C800F2C34027F00CE3716 /* LilitaRegular.ttf */ = {isa = PBXFileReference; lastKnownFileType = file; path = LilitaRegular.ttf; sourceTree = "<group>"; };
		182C80112C34045600CE3716 /* PATabBar.swift */ = {isa = PBXFileReference; lastKnownFileType = sourcecode.swift; path = PATabBar.swift; sourceTree = "<group>"; };
		182C80132C34066300CE3716 /* PAUserViewController.swift */ = {isa = PBXFileReference; lastKnownFileType = sourcecode.swift; path = PAUserViewController.swift; sourceTree = "<group>"; };
		182C80152C34067300CE3716 /* PAOrderViewController.swift */ = {isa = PBXFileReference; lastKnownFileType = sourcecode.swift; path = PAOrderViewController.swift; sourceTree = "<group>"; };
		182C80172C34068400CE3716 /* PAHomeViewController.swift */ = {isa = PBXFileReference; lastKnownFileType = sourcecode.swift; path = PAHomeViewController.swift; sourceTree = "<group>"; };
		182C80192C34FC6500CE3716 /* PasicCash.entitlements */ = {isa = PBXFileReference; lastKnownFileType = text.plist.entitlements; path = PasicCash.entitlements; sourceTree = "<group>"; };
		182C801A2C34FF7500CE3716 /* PALocation.swift */ = {isa = PBXFileReference; lastKnownFileType = sourcecode.swift; path = PALocation.swift; sourceTree = "<group>"; };
		182C801C2C34FFAD00CE3716 /* PATotalModel.swift */ = {isa = PBXFileReference; lastKnownFileType = sourcecode.swift; path = PATotalModel.swift; sourceTree = "<group>"; };
		182C801E2C35301800CE3716 /* PARequestManager.swift */ = {isa = PBXFileReference; lastKnownFileType = sourcecode.swift; path = PARequestManager.swift; sourceTree = "<group>"; };
		182C80202C3530D600CE3716 /* PARequestApi.swift */ = {isa = PBXFileReference; lastKnownFileType = sourcecode.swift; path = PARequestApi.swift; sourceTree = "<group>"; };
		182C80242C3534DF00CE3716 /* PALoginFactory.swift */ = {isa = PBXFileReference; lastKnownFileType = sourcecode.swift; path = PALoginFactory.swift; sourceTree = "<group>"; };
		182C80262C35350D00CE3716 /* PADeviceInfo.swift */ = {isa = PBXFileReference; lastKnownFileType = sourcecode.swift; path = PADeviceInfo.swift; sourceTree = "<group>"; };
		182C80282C353AE900CE3716 /* PANetworkManager.swift */ = {isa = PBXFileReference; lastKnownFileType = sourcecode.swift; path = PANetworkManager.swift; sourceTree = "<group>"; };
		182C802C2C3554C800CE3716 /* PABorrowViewController.swift */ = {isa = PBXFileReference; lastKnownFileType = sourcecode.swift; path = PABorrowViewController.swift; sourceTree = "<group>"; };
		182C80302C35599800CE3716 /* PABorrowView.swift */ = {isa = PBXFileReference; lastKnownFileType = sourcecode.swift; path = PABorrowView.swift; sourceTree = "<group>"; };
		182C80322C367C7F00CE3716 /* PALoginViewController.swift */ = {isa = PBXFileReference; lastKnownFileType = sourcecode.swift; path = PALoginViewController.swift; sourceTree = "<group>"; };
		182C80342C367CBD00CE3716 /* PALoginView.swift */ = {isa = PBXFileReference; lastKnownFileType = sourcecode.swift; path = PALoginView.swift; sourceTree = "<group>"; };
		182C80362C36A05400CE3716 /* PACodeViewController.swift */ = {isa = PBXFileReference; lastKnownFileType = sourcecode.swift; path = PACodeViewController.swift; sourceTree = "<group>"; };
		182C80382C36A06B00CE3716 /* PACodeView.swift */ = {isa = PBXFileReference; lastKnownFileType = sourcecode.swift; path = PACodeView.swift; sourceTree = "<group>"; };
		182C803A2C36AE9000CE3716 /* PANickViewController.swift */ = {isa = PBXFileReference; lastKnownFileType = sourcecode.swift; path = PANickViewController.swift; sourceTree = "<group>"; };
		182C803C2C36AEFB00CE3716 /* PANickView.swift */ = {isa = PBXFileReference; lastKnownFileType = sourcecode.swift; path = PANickView.swift; sourceTree = "<group>"; };
		182C803E2C37C5C800CE3716 /* PAAlbumView.swift */ = {isa = PBXFileReference; lastKnownFileType = sourcecode.swift; path = PAAlbumView.swift; sourceTree = "<group>"; };
		182C80402C37D42100CE3716 /* PAMediaManager.swift */ = {isa = PBXFileReference; lastKnownFileType = sourcecode.swift; path = PAMediaManager.swift; sourceTree = "<group>"; };
		182C80422C37DB5800CE3716 /* loading.json */ = {isa = PBXFileReference; fileEncoding = 4; lastKnownFileType = text.json; path = loading.json; sourceTree = "<group>"; };
		182C80452C37DCC500CE3716 /* FCLoadingView.swift */ = {isa = PBXFileReference; fileEncoding = 4; lastKnownFileType = sourcecode.swift; path = FCLoadingView.swift; sourceTree = "<group>"; };
		182C80472C37EE3B00CE3716 /* PAPopNickView.swift */ = {isa = PBXFileReference; lastKnownFileType = sourcecode.swift; path = PAPopNickView.swift; sourceTree = "<group>"; };
		182C80492C3809B000CE3716 /* PABigCardView.swift */ = {isa = PBXFileReference; lastKnownFileType = sourcecode.swift; path = PABigCardView.swift; sourceTree = "<group>"; };
		182C804B2C3809C900CE3716 /* PAProductView.swift */ = {isa = PBXFileReference; lastKnownFileType = sourcecode.swift; path = PAProductView.swift; sourceTree = "<group>"; };
		3599269F8DA2C63D45CD9672 /* Pods-PasicCash.release.xcconfig */ = {isa = PBXFileReference; includeInIndex = 1; lastKnownFileType = text.xcconfig; name = "Pods-PasicCash.release.xcconfig"; path = "Target Support Files/Pods-PasicCash/Pods-PasicCash.release.xcconfig"; sourceTree = "<group>"; };
		DAC85EBC70A8689A703671B1 /* Pods-PasicCash.debug.xcconfig */ = {isa = PBXFileReference; includeInIndex = 1; lastKnownFileType = text.xcconfig; name = "Pods-PasicCash.debug.xcconfig"; path = "Target Support Files/Pods-PasicCash/Pods-PasicCash.debug.xcconfig"; sourceTree = "<group>"; };
		DEFB93E6F4DEDEDEF8A40086 /* Pods_PasicCash.framework */ = {isa = PBXFileReference; explicitFileType = wrapper.framework; includeInIndex = 0; path = Pods_PasicCash.framework; sourceTree = BUILT_PRODUCTS_DIR; };
/* End PBXFileReference section */

/* Begin PBXFrameworksBuildPhase section */
		182C7FD32C33EF8A00CE3716 /* Frameworks */ = {
			isa = PBXFrameworksBuildPhase;
			buildActionMask = 2147483647;
			files = (
				FE032C0307388BCDF7A98BEC /* Pods_PasicCash.framework in Frameworks */,
			);
			runOnlyForDeploymentPostprocessing = 0;
		};
/* End PBXFrameworksBuildPhase section */

/* Begin PBXGroup section */
		182B6D8D2C3F88AD004F317C /* PAAuthPage */ = {
			isa = PBXGroup;
			children = (
				182B6D8F2C3F88C9004F317C /* View */,
				182B6D8E2C3F88C6004F317C /* Controller */,
			);
			path = PAAuthPage;
			sourceTree = "<group>";
		};
		182B6D8E2C3F88C6004F317C /* Controller */ = {
			isa = PBXGroup;
			children = (
				182B6D902C3FAE8D004F317C /* PAAuthIDViewController.swift */,
			);
			path = Controller;
			sourceTree = "<group>";
		};
		182B6D8F2C3F88C9004F317C /* View */ = {
			isa = PBXGroup;
			children = (
				182B6D922C3FB06B004F317C /* PAAuthIDView.swift */,
			);
			path = View;
			sourceTree = "<group>";
		};
		182C7FCD2C33EF8A00CE3716 = {
			isa = PBXGroup;
			children = (
				182C7FD82C33EF8A00CE3716 /* PasicCash */,
				182C7FD72C33EF8A00CE3716 /* Products */,
				97F60EFAC3087F98DD4B79BC /* Pods */,
				FA6C3B1CCE99A5E8C0B3C010 /* Frameworks */,
			);
			sourceTree = "<group>";
		};
		182C7FD72C33EF8A00CE3716 /* Products */ = {
			isa = PBXGroup;
			children = (
				182C7FD62C33EF8A00CE3716 /* PasicCash.app */,
			);
			name = Products;
			sourceTree = "<group>";
		};
		182C7FD82C33EF8A00CE3716 /* PasicCash */ = {
			isa = PBXGroup;
			children = (
				182C7FE72C33EF8B00CE3716 /* Info.plist */,
				182C7FE22C33EF8B00CE3716 /* Assets.xcassets */,
				182C7FD92C33EF8A00CE3716 /* AppDelegate.swift */,
				182C7FED2C33F17300CE3716 /* Launch Screen.storyboard */,
				182C80192C34FC6500CE3716 /* PasicCash.entitlements */,
				182C80042C33F33E00CE3716 /* PAWebPage */,
				182C80032C33F33400CE3716 /* PALoginPage */,
				182B6D8D2C3F88AD004F317C /* PAAuthPage */,
				182C7FFA2C33F28A00CE3716 /* PAUserPage */,
				182C7FF92C33F28700CE3716 /* PAOrderPage */,
				182C7FF82C33F28200CE3716 /* PAHomePage */,
				182C7FEF2C33F21600CE3716 /* PABasePage */,
			);
			path = PasicCash;
			sourceTree = "<group>";
		};
		182C7FEF2C33F21600CE3716 /* PABasePage */ = {
			isa = PBXGroup;
			children = (
				182C80442C37DCA400CE3716 /* Confing */,
				182C80052C33F36300CE3716 /* Model */,
				182C80082C33FD2A00CE3716 /* TabBar */,
				182C80062C33FAC600CE3716 /* Factory */,
				182C80072C33FB6900CE3716 /* NetWork */,
				182C80022C33F32900CE3716 /* Controller */,
			);
			path = PABasePage;
			sourceTree = "<group>";
		};
		182C7FF82C33F28200CE3716 /* PAHomePage */ = {
			isa = PBXGroup;
			children = (
				182C7FFC2C33F2EB00CE3716 /* View */,
				182C7FFB2C33F2E800CE3716 /* Controller */,
			);
			path = PAHomePage;
			sourceTree = "<group>";
		};
		182C7FF92C33F28700CE3716 /* PAOrderPage */ = {
			isa = PBXGroup;
			children = (
				182C7FFF2C33F31F00CE3716 /* View */,
				182C80002C33F31F00CE3716 /* Controller */,
			);
			path = PAOrderPage;
			sourceTree = "<group>";
		};
		182C7FFA2C33F28A00CE3716 /* PAUserPage */ = {
			isa = PBXGroup;
			children = (
				182C7FFD2C33F31700CE3716 /* View */,
				182C7FFE2C33F31700CE3716 /* Controller */,
			);
			path = PAUserPage;
			sourceTree = "<group>";
		};
		182C7FFB2C33F2E800CE3716 /* Controller */ = {
			isa = PBXGroup;
			children = (
				182C80172C34068400CE3716 /* PAHomeViewController.swift */,
			);
			path = Controller;
			sourceTree = "<group>";
		};
		182C7FFC2C33F2EB00CE3716 /* View */ = {
			isa = PBXGroup;
			children = (
				182C80492C3809B000CE3716 /* PABigCardView.swift */,
				182C804B2C3809C900CE3716 /* PAProductView.swift */,
			);
			path = View;
			sourceTree = "<group>";
		};
		182C7FFD2C33F31700CE3716 /* View */ = {
			isa = PBXGroup;
			children = (
				182B6D812C3E580F004F317C /* PAUserView.swift */,
				182B6D832C3E6BAB004F317C /* PAExpanView.swift */,
				182B6D852C3E8334004F317C /* PAPopOutView.swift */,
				182B6D892C3E8F61004F317C /* PAYouHuiQuanView.swift */,
			);
			path = View;
			sourceTree = "<group>";
		};
		182C7FFE2C33F31700CE3716 /* Controller */ = {
			isa = PBXGroup;
			children = (
				182C80132C34066300CE3716 /* PAUserViewController.swift */,
				182B6D872C3E8C12004F317C /* PAYouHuiQuanViewController.swift */,
			);
			path = Controller;
			sourceTree = "<group>";
		};
		182C7FFF2C33F31F00CE3716 /* View */ = {
			isa = PBXGroup;
			children = (
			);
			path = View;
			sourceTree = "<group>";
		};
		182C80002C33F31F00CE3716 /* Controller */ = {
			isa = PBXGroup;
			children = (
				182C80152C34067300CE3716 /* PAOrderViewController.swift */,
			);
			path = Controller;
			sourceTree = "<group>";
		};
		182C80022C33F32900CE3716 /* Controller */ = {
			isa = PBXGroup;
			children = (
				182C7FF42C33F25500CE3716 /* PALaunchViewController.swift */,
				182C7FF02C33F22E00CE3716 /* PATabBarViewController.swift */,
				182C7FF62C33F27600CE3716 /* PANavigationViewController.swift */,
				182C7FF22C33F24100CE3716 /* PABaseViewController.swift */,
			);
			path = Controller;
			sourceTree = "<group>";
		};
		182C80032C33F33400CE3716 /* PALoginPage */ = {
			isa = PBXGroup;
			children = (
				182C802B2C35549400CE3716 /* View */,
				182C802A2C35549100CE3716 /* Controller */,
			);
			path = PALoginPage;
			sourceTree = "<group>";
		};
		182C80042C33F33E00CE3716 /* PAWebPage */ = {
			isa = PBXGroup;
			children = (
			);
			path = PAWebPage;
			sourceTree = "<group>";
		};
		182C80052C33F36300CE3716 /* Model */ = {
			isa = PBXGroup;
			children = (
				182C801C2C34FFAD00CE3716 /* PATotalModel.swift */,
			);
			path = Model;
			sourceTree = "<group>";
		};
		182C80062C33FAC600CE3716 /* Factory */ = {
			isa = PBXGroup;
			children = (
				182C80232C35349F00CE3716 /* PALoginFac */,
				182C80222C35348A00CE3716 /* PALocation */,
			);
			path = Factory;
			sourceTree = "<group>";
		};
		182C80072C33FB6900CE3716 /* NetWork */ = {
			isa = PBXGroup;
			children = (
				182C80202C3530D600CE3716 /* PARequestApi.swift */,
				182C801E2C35301800CE3716 /* PARequestManager.swift */,
				182C80282C353AE900CE3716 /* PANetworkManager.swift */,
			);
			path = NetWork;
			sourceTree = "<group>";
		};
		182C80082C33FD2A00CE3716 /* TabBar */ = {
			isa = PBXGroup;
			children = (
				182C80112C34045600CE3716 /* PATabBar.swift */,
				182C80092C33FD9900CE3716 /* PATabBarButton.swift */,
			);
			path = TabBar;
			sourceTree = "<group>";
		};
		182C80222C35348A00CE3716 /* PALocation */ = {
			isa = PBXGroup;
			children = (
				182C801A2C34FF7500CE3716 /* PALocation.swift */,
			);
			path = PALocation;
			sourceTree = "<group>";
		};
		182C80232C35349F00CE3716 /* PALoginFac */ = {
			isa = PBXGroup;
			children = (
				182C80262C35350D00CE3716 /* PADeviceInfo.swift */,
				182C80242C3534DF00CE3716 /* PALoginFactory.swift */,
				182C80402C37D42100CE3716 /* PAMediaManager.swift */,
			);
			path = PALoginFac;
			sourceTree = "<group>";
		};
		182C802A2C35549100CE3716 /* Controller */ = {
			isa = PBXGroup;
			children = (
				182C802C2C3554C800CE3716 /* PABorrowViewController.swift */,
				182C80322C367C7F00CE3716 /* PALoginViewController.swift */,
				182C80362C36A05400CE3716 /* PACodeViewController.swift */,
				182C803A2C36AE9000CE3716 /* PANickViewController.swift */,
			);
			path = Controller;
			sourceTree = "<group>";
		};
		182C802B2C35549400CE3716 /* View */ = {
			isa = PBXGroup;
			children = (
				182C80302C35599800CE3716 /* PABorrowView.swift */,
				182C80342C367CBD00CE3716 /* PALoginView.swift */,
				182C80382C36A06B00CE3716 /* PACodeView.swift */,
				182C803C2C36AEFB00CE3716 /* PANickView.swift */,
				182C803E2C37C5C800CE3716 /* PAAlbumView.swift */,
				182C80472C37EE3B00CE3716 /* PAPopNickView.swift */,
				182B6D8B2C3F8780004F317C /* PACommonView.swift */,
			);
			path = View;
			sourceTree = "<group>";
		};
		182C80442C37DCA400CE3716 /* Confing */ = {
			isa = PBXGroup;
			children = (
				182C80422C37DB5800CE3716 /* loading.json */,
				182C800D2C33FEA800CE3716 /* PAConfig.swift */,
				182C800F2C34027F00CE3716 /* LilitaRegular.ttf */,
				182B6D7F2C3BE29C004F317C /* PAPullHeader.swift */,
				182C80452C37DCC500CE3716 /* FCLoadingView.swift */,
			);
			path = Confing;
			sourceTree = "<group>";
		};
		97F60EFAC3087F98DD4B79BC /* Pods */ = {
			isa = PBXGroup;
			children = (
				DAC85EBC70A8689A703671B1 /* Pods-PasicCash.debug.xcconfig */,
				3599269F8DA2C63D45CD9672 /* Pods-PasicCash.release.xcconfig */,
			);
			path = Pods;
			sourceTree = "<group>";
		};
		FA6C3B1CCE99A5E8C0B3C010 /* Frameworks */ = {
			isa = PBXGroup;
			children = (
				DEFB93E6F4DEDEDEF8A40086 /* Pods_PasicCash.framework */,
			);
			name = Frameworks;
			sourceTree = "<group>";
		};
/* End PBXGroup section */

/* Begin PBXNativeTarget section */
		182C7FD52C33EF8A00CE3716 /* PasicCash */ = {
			isa = PBXNativeTarget;
			buildConfigurationList = 182C7FEA2C33EF8B00CE3716 /* Build configuration list for PBXNativeTarget "PasicCash" */;
			buildPhases = (
				2722CB2821A2437B6588D7D0 /* [CP] Check Pods Manifest.lock */,
				182C7FD22C33EF8A00CE3716 /* Sources */,
				182C7FD32C33EF8A00CE3716 /* Frameworks */,
				182C7FD42C33EF8A00CE3716 /* Resources */,
				CDD2A2B09BBA835D9A87A002 /* [CP] Embed Pods Frameworks */,
			);
			buildRules = (
			);
			dependencies = (
			);
			name = PasicCash;
			productName = PasicCash;
			productReference = 182C7FD62C33EF8A00CE3716 /* PasicCash.app */;
			productType = "com.apple.product-type.application";
		};
/* End PBXNativeTarget section */

/* Begin PBXProject section */
		182C7FCE2C33EF8A00CE3716 /* Project object */ = {
			isa = PBXProject;
			attributes = {
				BuildIndependentTargetsInParallel = 1;
				LastSwiftUpdateCheck = 1540;
				LastUpgradeCheck = 1540;
				TargetAttributes = {
					182C7FD52C33EF8A00CE3716 = {
						CreatedOnToolsVersion = 15.4;
					};
				};
			};
			buildConfigurationList = 182C7FD12C33EF8A00CE3716 /* Build configuration list for PBXProject "PasicCash" */;
			compatibilityVersion = "Xcode 14.0";
			developmentRegion = en;
			hasScannedForEncodings = 0;
			knownRegions = (
				en,
				Base,
			);
			mainGroup = 182C7FCD2C33EF8A00CE3716;
			productRefGroup = 182C7FD72C33EF8A00CE3716 /* Products */;
			projectDirPath = "";
			projectRoot = "";
			targets = (
				182C7FD52C33EF8A00CE3716 /* PasicCash */,
			);
		};
/* End PBXProject section */

/* Begin PBXResourcesBuildPhase section */
		182C7FD42C33EF8A00CE3716 /* Resources */ = {
			isa = PBXResourcesBuildPhase;
			buildActionMask = 2147483647;
			files = (
				182C80102C34027F00CE3716 /* LilitaRegular.ttf in Resources */,
				182C7FEE2C33F17300CE3716 /* Launch Screen.storyboard in Resources */,
				182C80432C37DB5800CE3716 /* loading.json in Resources */,
				182C7FE32C33EF8B00CE3716 /* Assets.xcassets in Resources */,
			);
			runOnlyForDeploymentPostprocessing = 0;
		};
/* End PBXResourcesBuildPhase section */

/* Begin PBXShellScriptBuildPhase section */
		2722CB2821A2437B6588D7D0 /* [CP] Check Pods Manifest.lock */ = {
			isa = PBXShellScriptBuildPhase;
			buildActionMask = 2147483647;
			files = (
			);
			inputFileListPaths = (
			);
			inputPaths = (
				"${PODS_PODFILE_DIR_PATH}/Podfile.lock",
				"${PODS_ROOT}/Manifest.lock",
			);
			name = "[CP] Check Pods Manifest.lock";
			outputFileListPaths = (
			);
			outputPaths = (
				"$(DERIVED_FILE_DIR)/Pods-PasicCash-checkManifestLockResult.txt",
			);
			runOnlyForDeploymentPostprocessing = 0;
			shellPath = /bin/sh;
			shellScript = "diff \"${PODS_PODFILE_DIR_PATH}/Podfile.lock\" \"${PODS_ROOT}/Manifest.lock\" > /dev/null\nif [ $? != 0 ] ; then\n    # print error to STDERR\n    echo \"error: The sandbox is not in sync with the Podfile.lock. Run 'pod install' or update your CocoaPods installation.\" >&2\n    exit 1\nfi\n# This output is used by Xcode 'outputs' to avoid re-running this script phase.\necho \"SUCCESS\" > \"${SCRIPT_OUTPUT_FILE_0}\"\n";
			showEnvVarsInLog = 0;
		};
		CDD2A2B09BBA835D9A87A002 /* [CP] Embed Pods Frameworks */ = {
			isa = PBXShellScriptBuildPhase;
			buildActionMask = 2147483647;
			files = (
			);
			inputFileListPaths = (
				"${PODS_ROOT}/Target Support Files/Pods-PasicCash/Pods-PasicCash-frameworks-${CONFIGURATION}-input-files.xcfilelist",
			);
			name = "[CP] Embed Pods Frameworks";
			outputFileListPaths = (
				"${PODS_ROOT}/Target Support Files/Pods-PasicCash/Pods-PasicCash-frameworks-${CONFIGURATION}-output-files.xcfilelist",
			);
			runOnlyForDeploymentPostprocessing = 0;
			shellPath = /bin/sh;
			shellScript = "\"${PODS_ROOT}/Target Support Files/Pods-PasicCash/Pods-PasicCash-frameworks.sh\"\n";
			showEnvVarsInLog = 0;
		};
/* End PBXShellScriptBuildPhase section */

/* Begin PBXSourcesBuildPhase section */
		182C7FD22C33EF8A00CE3716 /* Sources */ = {
			isa = PBXSourcesBuildPhase;
			buildActionMask = 2147483647;
			files = (
				182C801F2C35301800CE3716 /* PARequestManager.swift in Sources */,
				182C80252C3534DF00CE3716 /* PALoginFactory.swift in Sources */,
				182C803D2C36AEFB00CE3716 /* PANickView.swift in Sources */,
				182B6D932C3FB06B004F317C /* PAAuthIDView.swift in Sources */,
				182C80392C36A06B00CE3716 /* PACodeView.swift in Sources */,
				182C80212C3530D600CE3716 /* PARequestApi.swift in Sources */,
				182C80162C34067300CE3716 /* PAOrderViewController.swift in Sources */,
				182B6D912C3FAE8D004F317C /* PAAuthIDViewController.swift in Sources */,
				182C80462C37DCC500CE3716 /* FCLoadingView.swift in Sources */,
				182C800A2C33FD9900CE3716 /* PATabBarButton.swift in Sources */,
				182C803F2C37C5C800CE3716 /* PAAlbumView.swift in Sources */,
				182C80142C34066300CE3716 /* PAUserViewController.swift in Sources */,
				182B6D802C3BE29C004F317C /* PAPullHeader.swift in Sources */,
				182C7FF72C33F27600CE3716 /* PANavigationViewController.swift in Sources */,
				182C80352C367CBD00CE3716 /* PALoginView.swift in Sources */,
				182C80372C36A05400CE3716 /* PACodeViewController.swift in Sources */,
				182C804A2C3809B000CE3716 /* PABigCardView.swift in Sources */,
				182B6D8A2C3E8F61004F317C /* PAYouHuiQuanView.swift in Sources */,
				182B6D882C3E8C12004F317C /* PAYouHuiQuanViewController.swift in Sources */,
				182C80272C35350D00CE3716 /* PADeviceInfo.swift in Sources */,
				182B6D862C3E8334004F317C /* PAPopOutView.swift in Sources */,
				182C7FDA2C33EF8A00CE3716 /* AppDelegate.swift in Sources */,
				182C800E2C33FEA800CE3716 /* PAConfig.swift in Sources */,
				182C80412C37D42100CE3716 /* PAMediaManager.swift in Sources */,
				182C7FF32C33F24100CE3716 /* PABaseViewController.swift in Sources */,
				182C7FF52C33F25500CE3716 /* PALaunchViewController.swift in Sources */,
				182C80122C34045600CE3716 /* PATabBar.swift in Sources */,
				182B6D842C3E6BAB004F317C /* PAExpanView.swift in Sources */,
				182B6D822C3E580F004F317C /* PAUserView.swift in Sources */,
				182C80292C353AE900CE3716 /* PANetworkManager.swift in Sources */,
				182C801B2C34FF7500CE3716 /* PALocation.swift in Sources */,
				182C80312C35599800CE3716 /* PABorrowView.swift in Sources */,
				182C801D2C34FFAD00CE3716 /* PATotalModel.swift in Sources */,
				182C80332C367C7F00CE3716 /* PALoginViewController.swift in Sources */,
				182C7FF12C33F22E00CE3716 /* PATabBarViewController.swift in Sources */,
				182B6D8C2C3F8780004F317C /* PACommonView.swift in Sources */,
				182C804C2C3809C900CE3716 /* PAProductView.swift in Sources */,
				182C803B2C36AE9000CE3716 /* PANickViewController.swift in Sources */,
				182C802D2C3554C800CE3716 /* PABorrowViewController.swift in Sources */,
				182C80482C37EE3B00CE3716 /* PAPopNickView.swift in Sources */,
				182C80182C34068400CE3716 /* PAHomeViewController.swift in Sources */,
			);
			runOnlyForDeploymentPostprocessing = 0;
		};
/* End PBXSourcesBuildPhase section */

/* Begin XCBuildConfiguration section */
		182C7FE82C33EF8B00CE3716 /* Debug */ = {
			isa = XCBuildConfiguration;
			buildSettings = {
				ALWAYS_SEARCH_USER_PATHS = NO;
				ASSETCATALOG_COMPILER_GENERATE_SWIFT_ASSET_SYMBOL_EXTENSIONS = YES;
				CLANG_ANALYZER_NONNULL = YES;
				CLANG_ANALYZER_NUMBER_OBJECT_CONVERSION = YES_AGGRESSIVE;
				CLANG_CXX_LANGUAGE_STANDARD = "gnu++20";
				CLANG_ENABLE_MODULES = YES;
				CLANG_ENABLE_OBJC_ARC = YES;
				CLANG_ENABLE_OBJC_WEAK = YES;
				CLANG_WARN_BLOCK_CAPTURE_AUTORELEASING = YES;
				CLANG_WARN_BOOL_CONVERSION = YES;
				CLANG_WARN_COMMA = YES;
				CLANG_WARN_CONSTANT_CONVERSION = YES;
				CLANG_WARN_DEPRECATED_OBJC_IMPLEMENTATIONS = YES;
				CLANG_WARN_DIRECT_OBJC_ISA_USAGE = YES_ERROR;
				CLANG_WARN_DOCUMENTATION_COMMENTS = YES;
				CLANG_WARN_EMPTY_BODY = YES;
				CLANG_WARN_ENUM_CONVERSION = YES;
				CLANG_WARN_INFINITE_RECURSION = YES;
				CLANG_WARN_INT_CONVERSION = YES;
				CLANG_WARN_NON_LITERAL_NULL_CONVERSION = YES;
				CLANG_WARN_OBJC_IMPLICIT_RETAIN_SELF = YES;
				CLANG_WARN_OBJC_LITERAL_CONVERSION = YES;
				CLANG_WARN_OBJC_ROOT_CLASS = YES_ERROR;
				CLANG_WARN_QUOTED_INCLUDE_IN_FRAMEWORK_HEADER = YES;
				CLANG_WARN_RANGE_LOOP_ANALYSIS = YES;
				CLANG_WARN_STRICT_PROTOTYPES = YES;
				CLANG_WARN_SUSPICIOUS_MOVE = YES;
				CLANG_WARN_UNGUARDED_AVAILABILITY = YES_AGGRESSIVE;
				CLANG_WARN_UNREACHABLE_CODE = YES;
				CLANG_WARN__DUPLICATE_METHOD_MATCH = YES;
				COPY_PHASE_STRIP = NO;
				DEBUG_INFORMATION_FORMAT = dwarf;
				ENABLE_STRICT_OBJC_MSGSEND = YES;
				ENABLE_TESTABILITY = YES;
				ENABLE_USER_SCRIPT_SANDBOXING = YES;
				GCC_C_LANGUAGE_STANDARD = gnu17;
				GCC_DYNAMIC_NO_PIC = NO;
				GCC_NO_COMMON_BLOCKS = YES;
				GCC_OPTIMIZATION_LEVEL = 0;
				GCC_PREPROCESSOR_DEFINITIONS = (
					"DEBUG=1",
					"$(inherited)",
				);
				GCC_WARN_64_TO_32_BIT_CONVERSION = YES;
				GCC_WARN_ABOUT_RETURN_TYPE = YES_ERROR;
				GCC_WARN_UNDECLARED_SELECTOR = YES;
				GCC_WARN_UNINITIALIZED_AUTOS = YES_AGGRESSIVE;
				GCC_WARN_UNUSED_FUNCTION = YES;
				GCC_WARN_UNUSED_VARIABLE = YES;
				IPHONEOS_DEPLOYMENT_TARGET = 17.5;
				LOCALIZATION_PREFERS_STRING_CATALOGS = YES;
				MTL_ENABLE_DEBUG_INFO = INCLUDE_SOURCE;
				MTL_FAST_MATH = YES;
				ONLY_ACTIVE_ARCH = YES;
				SDKROOT = iphoneos;
				SWIFT_ACTIVE_COMPILATION_CONDITIONS = "DEBUG $(inherited)";
				SWIFT_OPTIMIZATION_LEVEL = "-Onone";
			};
			name = Debug;
		};
		182C7FE92C33EF8B00CE3716 /* Release */ = {
			isa = XCBuildConfiguration;
			buildSettings = {
				ALWAYS_SEARCH_USER_PATHS = NO;
				ASSETCATALOG_COMPILER_GENERATE_SWIFT_ASSET_SYMBOL_EXTENSIONS = YES;
				CLANG_ANALYZER_NONNULL = YES;
				CLANG_ANALYZER_NUMBER_OBJECT_CONVERSION = YES_AGGRESSIVE;
				CLANG_CXX_LANGUAGE_STANDARD = "gnu++20";
				CLANG_ENABLE_MODULES = YES;
				CLANG_ENABLE_OBJC_ARC = YES;
				CLANG_ENABLE_OBJC_WEAK = YES;
				CLANG_WARN_BLOCK_CAPTURE_AUTORELEASING = YES;
				CLANG_WARN_BOOL_CONVERSION = YES;
				CLANG_WARN_COMMA = YES;
				CLANG_WARN_CONSTANT_CONVERSION = YES;
				CLANG_WARN_DEPRECATED_OBJC_IMPLEMENTATIONS = YES;
				CLANG_WARN_DIRECT_OBJC_ISA_USAGE = YES_ERROR;
				CLANG_WARN_DOCUMENTATION_COMMENTS = YES;
				CLANG_WARN_EMPTY_BODY = YES;
				CLANG_WARN_ENUM_CONVERSION = YES;
				CLANG_WARN_INFINITE_RECURSION = YES;
				CLANG_WARN_INT_CONVERSION = YES;
				CLANG_WARN_NON_LITERAL_NULL_CONVERSION = YES;
				CLANG_WARN_OBJC_IMPLICIT_RETAIN_SELF = YES;
				CLANG_WARN_OBJC_LITERAL_CONVERSION = YES;
				CLANG_WARN_OBJC_ROOT_CLASS = YES_ERROR;
				CLANG_WARN_QUOTED_INCLUDE_IN_FRAMEWORK_HEADER = YES;
				CLANG_WARN_RANGE_LOOP_ANALYSIS = YES;
				CLANG_WARN_STRICT_PROTOTYPES = YES;
				CLANG_WARN_SUSPICIOUS_MOVE = YES;
				CLANG_WARN_UNGUARDED_AVAILABILITY = YES_AGGRESSIVE;
				CLANG_WARN_UNREACHABLE_CODE = YES;
				CLANG_WARN__DUPLICATE_METHOD_MATCH = YES;
				COPY_PHASE_STRIP = NO;
				DEBUG_INFORMATION_FORMAT = "dwarf-with-dsym";
				ENABLE_NS_ASSERTIONS = NO;
				ENABLE_STRICT_OBJC_MSGSEND = YES;
				ENABLE_USER_SCRIPT_SANDBOXING = YES;
				GCC_C_LANGUAGE_STANDARD = gnu17;
				GCC_NO_COMMON_BLOCKS = YES;
				GCC_WARN_64_TO_32_BIT_CONVERSION = YES;
				GCC_WARN_ABOUT_RETURN_TYPE = YES_ERROR;
				GCC_WARN_UNDECLARED_SELECTOR = YES;
				GCC_WARN_UNINITIALIZED_AUTOS = YES_AGGRESSIVE;
				GCC_WARN_UNUSED_FUNCTION = YES;
				GCC_WARN_UNUSED_VARIABLE = YES;
				IPHONEOS_DEPLOYMENT_TARGET = 17.5;
				LOCALIZATION_PREFERS_STRING_CATALOGS = YES;
				MTL_ENABLE_DEBUG_INFO = NO;
				MTL_FAST_MATH = YES;
				SDKROOT = iphoneos;
				SWIFT_COMPILATION_MODE = wholemodule;
				VALIDATE_PRODUCT = YES;
			};
			name = Release;
		};
		182C7FEB2C33EF8B00CE3716 /* Debug */ = {
			isa = XCBuildConfiguration;
			baseConfigurationReference = DAC85EBC70A8689A703671B1 /* Pods-PasicCash.debug.xcconfig */;
			buildSettings = {
				ASSETCATALOG_COMPILER_APPICON_NAME = AppIcon;
				ASSETCATALOG_COMPILER_GLOBAL_ACCENT_COLOR_NAME = AccentColor;
				CODE_SIGN_ENTITLEMENTS = PasicCash/PasicCash.entitlements;
				"CODE_SIGN_IDENTITY[sdk=iphoneos*]" = "iPhone Developer";
				CODE_SIGN_STYLE = Manual;
				CURRENT_PROJECT_VERSION = 1;
				DEVELOPMENT_TEAM = "";
				"DEVELOPMENT_TEAM[sdk=iphoneos*]" = 2F6XZMZ52M;
				ENABLE_USER_SCRIPT_SANDBOXING = NO;
				GENERATE_INFOPLIST_FILE = YES;
				INFOPLIST_FILE = PasicCash/Info.plist;
				INFOPLIST_KEY_CFBundleDisplayName = PasicCash;
				INFOPLIST_KEY_UIApplicationSupportsIndirectInputEvents = YES;
				INFOPLIST_KEY_UILaunchStoryboardName = "Launch Screen.storyboard";
				INFOPLIST_KEY_UISupportedInterfaceOrientations = UIInterfaceOrientationPortrait;
				IPHONEOS_DEPLOYMENT_TARGET = 12.4;
				LD_RUNPATH_SEARCH_PATHS = (
					"$(inherited)",
					"@executable_path/Frameworks",
				);
				MARKETING_VERSION = 1.0;
				PRODUCT_BUNDLE_IDENTIFIER = com.company.dancepeso;
				PRODUCT_NAME = "$(TARGET_NAME)";
				PROVISIONING_PROFILE_SPECIFIER = "";
				"PROVISIONING_PROFILE_SPECIFIER[sdk=iphoneos*]" = companydancepeso;
				SUPPORTED_PLATFORMS = "iphoneos iphonesimulator";
				SUPPORTS_MACCATALYST = NO;
				SUPPORTS_MAC_DESIGNED_FOR_IPHONE_IPAD = NO;
				SUPPORTS_XR_DESIGNED_FOR_IPHONE_IPAD = NO;
				SWIFT_EMIT_LOC_STRINGS = YES;
				SWIFT_VERSION = 5.0;
				TARGETED_DEVICE_FAMILY = 1;
			};
			name = Debug;
		};
		182C7FEC2C33EF8B00CE3716 /* Release */ = {
			isa = XCBuildConfiguration;
			baseConfigurationReference = 3599269F8DA2C63D45CD9672 /* Pods-PasicCash.release.xcconfig */;
			buildSettings = {
				ASSETCATALOG_COMPILER_APPICON_NAME = AppIcon;
				ASSETCATALOG_COMPILER_GLOBAL_ACCENT_COLOR_NAME = AccentColor;
				CODE_SIGN_ENTITLEMENTS = PasicCash/PasicCash.entitlements;
				"CODE_SIGN_IDENTITY[sdk=iphoneos*]" = "iPhone Developer";
				CODE_SIGN_STYLE = Manual;
				CURRENT_PROJECT_VERSION = 1;
				DEVELOPMENT_TEAM = "";
				"DEVELOPMENT_TEAM[sdk=iphoneos*]" = 2F6XZMZ52M;
				ENABLE_USER_SCRIPT_SANDBOXING = NO;
				GENERATE_INFOPLIST_FILE = YES;
				INFOPLIST_FILE = PasicCash/Info.plist;
				INFOPLIST_KEY_CFBundleDisplayName = PasicCash;
				INFOPLIST_KEY_UIApplicationSupportsIndirectInputEvents = YES;
				INFOPLIST_KEY_UILaunchStoryboardName = "Launch Screen.storyboard";
				INFOPLIST_KEY_UISupportedInterfaceOrientations = UIInterfaceOrientationPortrait;
				IPHONEOS_DEPLOYMENT_TARGET = 12.4;
				LD_RUNPATH_SEARCH_PATHS = (
					"$(inherited)",
					"@executable_path/Frameworks",
				);
				MARKETING_VERSION = 1.0;
				PRODUCT_BUNDLE_IDENTIFIER = com.company.dancepeso;
				PRODUCT_NAME = "$(TARGET_NAME)";
				PROVISIONING_PROFILE_SPECIFIER = "";
				"PROVISIONING_PROFILE_SPECIFIER[sdk=iphoneos*]" = companydancepeso;
				SUPPORTED_PLATFORMS = "iphoneos iphonesimulator";
				SUPPORTS_MACCATALYST = NO;
				SUPPORTS_MAC_DESIGNED_FOR_IPHONE_IPAD = NO;
				SUPPORTS_XR_DESIGNED_FOR_IPHONE_IPAD = NO;
				SWIFT_EMIT_LOC_STRINGS = YES;
				SWIFT_VERSION = 5.0;
				TARGETED_DEVICE_FAMILY = 1;
			};
			name = Release;
		};
/* End XCBuildConfiguration section */

/* Begin XCConfigurationList section */
		182C7FD12C33EF8A00CE3716 /* Build configuration list for PBXProject "PasicCash" */ = {
			isa = XCConfigurationList;
			buildConfigurations = (
				182C7FE82C33EF8B00CE3716 /* Debug */,
				182C7FE92C33EF8B00CE3716 /* Release */,
			);
			defaultConfigurationIsVisible = 0;
			defaultConfigurationName = Release;
		};
		182C7FEA2C33EF8B00CE3716 /* Build configuration list for PBXNativeTarget "PasicCash" */ = {
			isa = XCConfigurationList;
			buildConfigurations = (
				182C7FEB2C33EF8B00CE3716 /* Debug */,
				182C7FEC2C33EF8B00CE3716 /* Release */,
			);
			defaultConfigurationIsVisible = 0;
			defaultConfigurationName = Release;
		};
/* End XCConfigurationList section */
	};
	rootObject = 182C7FCE2C33EF8A00CE3716 /* Project object */;
}
